
Microsoft Visual Studio Solution File, Format Version 12.00
# Visual Studio Version 16
VisualStudioVersion = 16.0.29519.181
MinimumVisualStudioVersion = 10.0.40219.1
Project("{FAE04EC0-301F-11D3-BF4B-00C04F79EFBC}") = "PalyWith.Api", "PalyWith.Api\PalyWith.Api.csproj", "{4452A7D3-D68D-4627-BF90-4B6176037D94}"
EndProject
Global
	GlobalSection(SolutionConfigurationPlatforms) = preSolution
		Debug|Any CPU = Debug|Any CPU
		Release|Any CPU = Release|Any CPU
	EndGlobalSection
	GlobalSection(ProjectConfigurationPlatforms) = postSolution
		{4452A7D3-D68D-4627-BF90-4B6176037D94}.Debug|Any CPU.ActiveCfg = Debug|Any CPU
		{4452A7D3-D68D-4627-BF90-4B6176037D94}.Debug|Any CPU.Build.0 = Debug|Any CPU
		{4452A7D3-D68D-4627-BF90-4B6176037D94}.Release|Any CPU.ActiveCfg = Release|Any CPU
		{4452A7D3-D68D-4627-BF90-4B6176037D94}.Release|Any CPU.Build.0 = Release|Any CPU
	EndGlobalSection
	GlobalSection(SolutionProperties) = preSolution
		HideSolutionNode = FALSE
	EndGlobalSection
	GlobalSection(ExtensibilityGlobals) = postSolution
		SolutionGuid = {16D55988-4324-40C8-8284-1AE5A5E7CC30}
	EndGlobalSection
EndGlobal
